
Microsoft Visual Studio Solution File, Format Version 12.00
# Visual Studio Version 16
VisualStudioVersion = 16.0.29613.14
MinimumVisualStudioVersion = 10.0.40219.1
Project("{FAE04EC0-301F-11D3-BF4B-00C04F79EFBC}") = "Document", "Document\Document.csproj", "{09B117EF-05F6-4AD2-8500-A6D62B329117}"
EndProject
Project("{FAE04EC0-301F-11D3-BF4B-00C04F79EFBC}") = "Printers", "Printers\Printers.csproj", "{EDB92D94-DDDF-42A0-9DA9-7EB22F7E6E8F}"
EndProject
Project("{FAE04EC0-301F-11D3-BF4B-00C04F79EFBC}") = "StringValidator", "StringValidator\StringValidator.csproj", "{34E315B0-4E09-4DE0-A38E-63C0B4904B10}"
EndProject
Project("{FAE04EC0-301F-11D3-BF4B-00C04F79EFBC}") = "WebServer", "WebServer\WebServer.csproj", "{C5C421D9-F995-4650-9F73-4E7144DAE6B6}"
EndProject
Project("{FAE04EC0-301F-11D3-BF4B-00C04F79EFBC}") = "TaskManager", "TaskManager\TaskManager.csproj", "{518F89D5-5C18-4895-ADEE-48E137D24D65}"
EndProject
Global
	GlobalSection(SolutionConfigurationPlatforms) = preSolution
		Debug|Any CPU = Debug|Any CPU
		Release|Any CPU = Release|Any CPU
	EndGlobalSection
	GlobalSection(ProjectConfigurationPlatforms) = postSolution
		{09B117EF-05F6-4AD2-8500-A6D62B329117}.Debug|Any CPU.ActiveCfg = Debug|Any CPU
		{09B117EF-05F6-4AD2-8500-A6D62B329117}.Debug|Any CPU.Build.0 = Debug|Any CPU
		{09B117EF-05F6-4AD2-8500-A6D62B329117}.Release|Any CPU.ActiveCfg = Release|Any CPU
		{09B117EF-05F6-4AD2-8500-A6D62B329117}.Release|Any CPU.Build.0 = Release|Any CPU
		{EDB92D94-DDDF-42A0-9DA9-7EB22F7E6E8F}.Debug|Any CPU.ActiveCfg = Debug|Any CPU
		{EDB92D94-DDDF-42A0-9DA9-7EB22F7E6E8F}.Debug|Any CPU.Build.0 = Debug|Any CPU
		{EDB92D94-DDDF-42A0-9DA9-7EB22F7E6E8F}.Release|Any CPU.ActiveCfg = Release|Any CPU
		{EDB92D94-DDDF-42A0-9DA9-7EB22F7E6E8F}.Release|Any CPU.Build.0 = Release|Any CPU
		{34E315B0-4E09-4DE0-A38E-63C0B4904B10}.Debug|Any CPU.ActiveCfg = Debug|Any CPU
		{34E315B0-4E09-4DE0-A38E-63C0B4904B10}.Debug|Any CPU.Build.0 = Debug|Any CPU
		{34E315B0-4E09-4DE0-A38E-63C0B4904B10}.Release|Any CPU.ActiveCfg = Release|Any CPU
		{34E315B0-4E09-4DE0-A38E-63C0B4904B10}.Release|Any CPU.Build.0 = Release|Any CPU
		{C5C421D9-F995-4650-9F73-4E7144DAE6B6}.Debug|Any CPU.ActiveCfg = Debug|Any CPU
		{C5C421D9-F995-4650-9F73-4E7144DAE6B6}.Debug|Any CPU.Build.0 = Debug|Any CPU
		{C5C421D9-F995-4650-9F73-4E7144DAE6B6}.Release|Any CPU.ActiveCfg = Release|Any CPU
		{C5C421D9-F995-4650-9F73-4E7144DAE6B6}.Release|Any CPU.Build.0 = Release|Any CPU
		{518F89D5-5C18-4895-ADEE-48E137D24D65}.Debug|Any CPU.ActiveCfg = Debug|Any CPU
		{518F89D5-5C18-4895-ADEE-48E137D24D65}.Debug|Any CPU.Build.0 = Debug|Any CPU
		{518F89D5-5C18-4895-ADEE-48E137D24D65}.Release|Any CPU.ActiveCfg = Release|Any CPU
		{518F89D5-5C18-4895-ADEE-48E137D24D65}.Release|Any CPU.Build.0 = Release|Any CPU
	EndGlobalSection
	GlobalSection(SolutionProperties) = preSolution
		HideSolutionNode = FALSE
	EndGlobalSection
	GlobalSection(ExtensibilityGlobals) = postSolution
		SolutionGuid = {13BBD63D-BEFC-4295-BAB2-A980B113E864}
	EndGlobalSection
EndGlobal
